{
  "requires": true,
  "lockfileVersion": 1,
  "dependencies": {
    "@types/ember": {
      "version": "3.16.4",
      "resolved": "https://registry.npmjs.org/@types/ember/-/ember-3.16.4.tgz",
      "integrity": "sha512-kCZNxuCofZN2sYUltfUmPegqAr1wvZ4b6aH0i8AsG+AsUiaWCDzVfCayMfr4CRUOhUiQ2VA9AOgnZT+JgBvjXQ==",
      "requires": {
        "@types/ember__application": "*",
        "@types/ember__array": "*",
        "@types/ember__component": "*",
        "@types/ember__controller": "*",
        "@types/ember__debug": "*",
        "@types/ember__engine": "*",
        "@types/ember__error": "*",
        "@types/ember__object": "*",
        "@types/ember__polyfills": "*",
        "@types/ember__routing": "*",
        "@types/ember__runloop": "*",
        "@types/ember__service": "*",
        "@types/ember__string": "*",
        "@types/ember__template": "*",
        "@types/ember__test": "*",
        "@types/ember__utils": "*",
        "@types/htmlbars-inline-precompile": "*",
        "@types/jquery": "*",
        "@types/rsvp": "*"
      }
    },
    "@types/ember-data": {
      "version": "3.16.12",
      "resolved": "https://registry.npmjs.org/@types/ember-data/-/ember-data-3.16.12.tgz",
      "integrity": "sha512-A9nMCAtBII8PFG/7bTgzQ+P9lcn8AdmSOXAhOFBYTHdqoFjA7GIoeqhjw194NVjrVDV4j5K1tMD1ucKkoyToZA==",
      "requires": {
        "@types/ember": "*",
        "@types/ember__object": "*",
        "@types/rsvp": "*"
      }
    },
    "@types/ember-data__model": {
      "version": "3.16.2",
      "resolved": "https://registry.npmjs.org/@types/ember-data__model/-/ember-data__model-3.16.2.tgz",
      "integrity": "sha512-M5q4I7qsTRPl4hIA0htVj+1jyVJRsScucPUlNuxi36MxXsRj4v1y1nxywt8PRxlsz5umL+yJSrBpL3z3jBPwbA==",
      "requires": {
        "@types/ember-data": "*"
      }
    },
    "@types/ember-data__store": {
      "version": "3.16.1",
      "resolved": "https://registry.npmjs.org/@types/ember-data__store/-/ember-data__store-3.16.1.tgz",
      "integrity": "sha512-rH13Bz0HUr9hy/8SyRcVfRJ80iOaaTHec9ZEIDfL6A4IRHvZidw4MH7exitSqz1SDCgNP1qwn6qRswfrpG1drA==",
      "dev": true,
      "requires": {
        "@types/ember-data": "*"
      }
    },
    "@types/ember__application": {
      "version": "3.16.2",
      "resolved": "https://registry.npmjs.org/@types/ember__application/-/ember__application-3.16.2.tgz",
      "integrity": "sha512-Fu2g0Ja+HKhwHsSWfKxh62NWbieWRxYRMO9YT4LZTw99TRrRYIO7q1PPIUz2ko/2Zo7LiBBUUyQfLau/UblY6g==",
      "requires": {
        "@types/ember__application": "*",
        "@types/ember__engine": "*",
        "@types/ember__object": "*",
        "@types/ember__routing": "*"
      }
    },
    "@types/ember__array": {
      "version": "3.16.4",
      "resolved": "https://registry.npmjs.org/@types/ember__array/-/ember__array-3.16.4.tgz",
      "integrity": "sha512-K21LKDNDW3ug0fLsFUTHZPyaFnzUUZEOtsmzmmeXKI6apJcoaz/yF3V0fvM2FUWNLs6rXB3PXegtzik6lq44Yw==",
      "requires": {
        "@types/ember__array": "*",
        "@types/ember__object": "*"
      }
    },
    "@types/ember__component": {
      "version": "3.16.4",
      "resolved": "https://registry.npmjs.org/@types/ember__component/-/ember__component-3.16.4.tgz",
      "integrity": "sha512-AQKKspusr/28HoRJ7aK+PHx0r5At0LwStCijNlhxPLXAkK8tOBcEoVqMd1TT5xNXKCxzmgbGPf8pjR6Xbc1/Iw==",
      "requires": {
        "@types/ember__component": "*",
        "@types/ember__object": "*",
        "@types/jquery": "*"
      }
    },
    "@types/ember__controller": {
      "version": "3.16.4",
      "resolved": "https://registry.npmjs.org/@types/ember__controller/-/ember__controller-3.16.4.tgz",
      "integrity": "sha512-XkRBVmf6YM+s5tli4qnlGcg5VpbrlQ/EsfVdM20V5JfO4DzlmTlTUb/F1i0CTsU9DxFLhZSzGn9nXyOBkHMf1Q==",
      "requires": {
        "@types/ember__object": "*"
      }
    },
    "@types/ember__debug": {
      "version": "3.16.3",
      "resolved": "https://registry.npmjs.org/@types/ember__debug/-/ember__debug-3.16.3.tgz",
      "integrity": "sha512-/y3EiAV6p1/PQ721B/7hYezYr/s2d0RSh1iHxrB8K2zOF6NK76GAE5wN/DwI7Tld7gvFpVFOgWffpaauq/h56A==",
      "requires": {
        "@types/ember__debug": "*",
        "@types/ember__engine": "*",
        "@types/ember__object": "*"
      }
    },
    "@types/ember__engine": {
      "version": "3.16.2",
      "resolved": "https://registry.npmjs.org/@types/ember__engine/-/ember__engine-3.16.2.tgz",
      "integrity": "sha512-CSGcr+HNRbYGP/XPxnJw4+gytgeyZ4vqQSQ8C/WEoi8kFmlUyAP19MYCr+eznkznHDPu8uoo2oRlSAn76BPLvg==",
      "requires": {
        "@types/ember__engine": "*",
        "@types/ember__object": "*"
      }
    },
    "@types/ember__error": {
      "version": "3.16.1",
      "resolved": "https://registry.npmjs.org/@types/ember__error/-/ember__error-3.16.1.tgz",
      "integrity": "sha512-bnB58krc18B8qgSMsRBbrVbNb4msyb8pMzS9Yo3brw/bRjuPb1ONUrjieAVHeespXlXNJOusvvX/pji641iCPQ=="
    },
    "@types/ember__object": {
      "version": "3.12.5",
      "resolved": "https://registry.npmjs.org/@types/ember__object/-/ember__object-3.12.5.tgz",
      "integrity": "sha512-IToStKZ6bNfkiqjhpnpf24NADNIqrSd3pmpc0ktRilrMZPoHyexcXW6zyGENtpFJE7O7dVjtPh/MzUYYH0urww==",
      "requires": {
        "@types/ember__object": "*",
        "@types/rsvp": "*"
      }
    },
    "@types/ember__polyfills": {
      "version": "3.12.1",
      "resolved": "https://registry.npmjs.org/@types/ember__polyfills/-/ember__polyfills-3.12.1.tgz",
      "integrity": "sha512-Xw9RxFizB8guT6YGg3VNi5tjbzAjqk+bLtAJ1oVl2I1FylKrRFh0bwobxT2K0BF/i0QFEYlqckHpN/OoCpkvkA=="
    },
    "@types/ember__routing": {
      "version": "3.16.12",
      "resolved": "https://registry.npmjs.org/@types/ember__routing/-/ember__routing-3.16.12.tgz",
      "integrity": "sha512-agY273UcgRGry4ULm/9wYpslU5JF5djEaoreF/FA7CXdnek6TSpQn7G/pjQqsCNDYWxwatmHrn3ffcmGyI4Oiw==",
      "requires": {
        "@types/ember__component": "*",
        "@types/ember__controller": "*",
        "@types/ember__object": "*",
        "@types/ember__routing": "*",
        "@types/ember__service": "*"
      }
    },
    "@types/ember__runloop": {
      "version": "3.16.3",
      "resolved": "https://registry.npmjs.org/@types/ember__runloop/-/ember__runloop-3.16.3.tgz",
      "integrity": "sha512-iYT7+9z6lVOi4RSyM9tBwIOidRI0Y5nyaRtIMP1DhP8n2UZjvVG6ao4PkpFnpFWR4R8Ajj2p13SaPGxpEV62jg==",
      "requires": {
        "@types/ember__runloop": "*"
      }
    },
    "@types/ember__service": {
      "version": "3.16.1",
      "resolved": "https://registry.npmjs.org/@types/ember__service/-/ember__service-3.16.1.tgz",
      "integrity": "sha512-XYl75IZGE+ZqRiCr9tBLXNYBVM9WX18AQHw/73QSQP/7sfyv5QFP/C/KvJrwP9wJmqh0BS2lVAXP3Nx4/BRNTw==",
      "requires": {
        "@types/ember__object": "*"
      }
    },
    "@types/ember__string": {
      "version": "3.16.3",
      "resolved": "https://registry.npmjs.org/@types/ember__string/-/ember__string-3.16.3.tgz",
      "integrity": "sha512-0T9ofzm9LL/bSG5u1SxKx/j2h/bHKkl5NKjGCNbFQxEKBw4f2cs6+AMDgWke9z+qrRRIz9vGEtMXnA3yJrO2xA==",
      "requires": {
        "@types/ember__template": "*"
      }
    },
    "@types/ember__template": {
      "version": "3.16.1",
      "resolved": "https://registry.npmjs.org/@types/ember__template/-/ember__template-3.16.1.tgz",
      "integrity": "sha512-APQINizzizl2LHWGMFBCanRjKZQsdzqn7b+us17zbNhnx/R0IZAJq901x/i7eozCRwxsDKmGzNABSCIu6uc1Tg=="
    },
    "@types/ember__test": {
      "version": "3.16.1",
      "resolved": "https://registry.npmjs.org/@types/ember__test/-/ember__test-3.16.1.tgz",
      "integrity": "sha512-0ICnkM4BDwOKhqmLQRpfvNuZlb6QOqE+FhP5fPaWXWy7bgcL9CY7kMRc7N+wZQbTvbSKqgEdfbvjd0bJsIrz5w==",
      "requires": {
        "@types/ember__application": "*"
      }
    },
    "@types/ember__utils": {
      "version": "3.16.2",
      "resolved": "https://registry.npmjs.org/@types/ember__utils/-/ember__utils-3.16.2.tgz",
      "integrity": "sha512-tBbqewgegiKSpGZvGh3pbcoXwLCMvKVdLRE97vys75nAEz/vBzkGJm+PDz1HVaTkRukWbRhlDiTm2qFH8qRnSw=="
    },
    "@types/htmlbars-inline-precompile": {
      "version": "1.0.1",
      "resolved": "https://registry.npmjs.org/@types/htmlbars-inline-precompile/-/htmlbars-inline-precompile-1.0.1.tgz",
      "integrity": "sha512-sVD2e6QAAHW0Y6Btse+tTA9k9g0iKm87wjxRsgZRU5EwSooz80tenbV+fA+f2BI2g0G2CqxsS1rIlwQCtPRQow=="
    },
    "@types/jquery": {
      "version": "3.5.5",
      "resolved": "https://registry.npmjs.org/@types/jquery/-/jquery-3.5.5.tgz",
      "integrity": "sha512-6RXU9Xzpc6vxNrS6FPPapN1SxSHgQ336WC6Jj/N8q30OiaBZ00l1GBgeP7usjVZPivSkGUfL1z/WW6TX989M+w==",
      "requires": {
        "@types/sizzle": "*"
      }
    },
    "@types/lodash": {
      "version": "4.14.168",
      "resolved": "https://registry.npmjs.org/@types/lodash/-/lodash-4.14.168.tgz",
      "integrity": "sha512-oVfRvqHV/V6D1yifJbVRU3TMp8OT6o6BG+U9MkwuJ3U8/CsDHvalRpsxBqivn71ztOFZBTfJMvETbqHiaNSj7Q=="
    },
    "@types/lodash-es": {
      "version": "4.17.4",
      "resolved": "https://registry.npmjs.org/@types/lodash-es/-/lodash-es-4.17.4.tgz",
      "integrity": "sha512-BBz79DCJbD2CVYZH67MBeHZRX++HF+5p8Mo5MzjZi64Wac39S3diedJYHZtScbRVf4DjZyN6LzA0SB0zy+HSSQ==",
      "requires": {
        "@types/lodash": "*"
      }
    },
    "@types/rsvp": {
      "version": "4.0.3",
      "resolved": "https://registry.npmjs.org/@types/rsvp/-/rsvp-4.0.3.tgz",
      "integrity": "sha512-OpRwxbgx16nL/0/7ol0WoLLyLaMXBvtPOHjqLljnzAB/E7Qk1wtjytxgBhOTBMZvuLXnJUqfnjb4W/QclNFvSA=="
    },
    "@types/sizzle": {
      "version": "2.3.2",
      "resolved": "https://registry.npmjs.org/@types/sizzle/-/sizzle-2.3.2.tgz",
      "integrity": "sha512-7EJYyKTL7tFR8+gDbB6Wwz/arpGa0Mywk1TJbNzKzHtzbwVmY4HR9WqS5VV7dsBUKQmPNr192jHr/VpBluj/hg=="
    }
  }
}
